
Microsoft Visual Studio Solution File, Format Version 12.00
# Visual Studio Version 17
VisualStudioVersion = 17.14.36414.22
MinimumVisualStudioVersion = 10.0.40219.1
Project("{FAE04EC0-301F-11D3-BF4B-00C04F79EFBC}") = "ArbolAVL", "ArbolAVL.csproj", "{CCD0F2F5-EF88-4531-97E4-65E37560216B}"
EndProject
Project("{FAE04EC0-301F-11D3-BF4B-00C04F79EFBC}") = "Clases", "..\Clases\Clases.csproj", "{E4CAD109-2038-1B3C-8C54-7CD841A9367A}"
EndProject
Project("{FAE04EC0-301F-11D3-BF4B-00C04F79EFBC}") = "BibliotecaGrafica", "..\BibliotecaGrafica\BibliotecaGrafica.csproj", "{79349680-DFE6-4C03-AB50-C9A79064FA0F}"
EndProject
Global
	GlobalSection(SolutionConfigurationPlatforms) = preSolution
		Debug|Any CPU = Debug|Any CPU
		Release|Any CPU = Release|Any CPU
	EndGlobalSection
	GlobalSection(ProjectConfigurationPlatforms) = postSolution
		{CCD0F2F5-EF88-4531-97E4-65E37560216B}.Debug|Any CPU.ActiveCfg = Debug|Any CPU
		{CCD0F2F5-EF88-4531-97E4-65E37560216B}.Debug|Any CPU.Build.0 = Debug|Any CPU
		{CCD0F2F5-EF88-4531-97E4-65E37560216B}.Release|Any CPU.ActiveCfg = Release|Any CPU
		{CCD0F2F5-EF88-4531-97E4-65E37560216B}.Release|Any CPU.Build.0 = Release|Any CPU
		{E4CAD109-2038-1B3C-8C54-7CD841A9367A}.Debug|Any CPU.ActiveCfg = Debug|Any CPU
		{E4CAD109-2038-1B3C-8C54-7CD841A9367A}.Debug|Any CPU.Build.0 = Debug|Any CPU
		{E4CAD109-2038-1B3C-8C54-7CD841A9367A}.Release|Any CPU.ActiveCfg = Release|Any CPU
		{E4CAD109-2038-1B3C-8C54-7CD841A9367A}.Release|Any CPU.Build.0 = Release|Any CPU
		{79349680-DFE6-4C03-AB50-C9A79064FA0F}.Debug|Any CPU.ActiveCfg = Debug|Any CPU
		{79349680-DFE6-4C03-AB50-C9A79064FA0F}.Debug|Any CPU.Build.0 = Debug|Any CPU
		{79349680-DFE6-4C03-AB50-C9A79064FA0F}.Release|Any CPU.ActiveCfg = Release|Any CPU
		{79349680-DFE6-4C03-AB50-C9A79064FA0F}.Release|Any CPU.Build.0 = Release|Any CPU
	EndGlobalSection
	GlobalSection(SolutionProperties) = preSolution
		HideSolutionNode = FALSE
	EndGlobalSection
	GlobalSection(ExtensibilityGlobals) = postSolution
		SolutionGuid = {4963F54C-12D3-4E7F-A6B8-95ECBA72F286}
	EndGlobalSection
EndGlobal
