
Microsoft Visual Studio Solution File, Format Version 12.00
# Visual Studio Version 17
VisualStudioVersion = 17.14.36414.22 d17.14
MinimumVisualStudioVersion = 10.0.40219.1
Project("{FAE04EC0-301F-11D3-BF4B-00C04F79EFBC}") = "ArbolAVL", "ArbolAVL.csproj", "{CCD0F2F5-EF88-4531-97E4-65E37560216B}"
EndProject
Project("{FAE04EC0-301F-11D3-BF4B-00C04F79EFBC}") = "Clases", "..\Clases\Clases.csproj", "{B080D9C9-0323-4A6B-A1F6-F0AE5AF59B3F}"
EndProject
Global
	GlobalSection(SolutionConfigurationPlatforms) = preSolution
		Debug|Any CPU = Debug|Any CPU
		Release|Any CPU = Release|Any CPU
	EndGlobalSection
	GlobalSection(ProjectConfigurationPlatforms) = postSolution
		{CCD0F2F5-EF88-4531-97E4-65E37560216B}.Debug|Any CPU.ActiveCfg = Debug|Any CPU
		{CCD0F2F5-EF88-4531-97E4-65E37560216B}.Debug|Any CPU.Build.0 = Debug|Any CPU
		{CCD0F2F5-EF88-4531-97E4-65E37560216B}.Release|Any CPU.ActiveCfg = Release|Any CPU
		{CCD0F2F5-EF88-4531-97E4-65E37560216B}.Release|Any CPU.Build.0 = Release|Any CPU
		{B080D9C9-0323-4A6B-A1F6-F0AE5AF59B3F}.Debug|Any CPU.ActiveCfg = Debug|Any CPU
		{B080D9C9-0323-4A6B-A1F6-F0AE5AF59B3F}.Debug|Any CPU.Build.0 = Debug|Any CPU
		{B080D9C9-0323-4A6B-A1F6-F0AE5AF59B3F}.Release|Any CPU.ActiveCfg = Release|Any CPU
		{B080D9C9-0323-4A6B-A1F6-F0AE5AF59B3F}.Release|Any CPU.Build.0 = Release|Any CPU
	EndGlobalSection
	GlobalSection(SolutionProperties) = preSolution
		HideSolutionNode = FALSE
	EndGlobalSection
	GlobalSection(ExtensibilityGlobals) = postSolution
		SolutionGuid = {4963F54C-12D3-4E7F-A6B8-95ECBA72F286}
	EndGlobalSection
EndGlobal
